
Microsoft Visual Studio Solution File, Format Version 11.00
# Visual Studio 2010
Project("{FAE04EC0-301F-11D3-BF4B-00C04F79EFBC}") = "UnityEngine.UI", "UnityEngine.UI.csproj", "{b080439a-53a9-346a-cdc6-2e2829607521}"
EndProject
Project("{FAE04EC0-301F-11D3-BF4B-00C04F79EFBC}") = "UnityEngine.TestRunner", "UnityEngine.TestRunner.csproj", "{af7c088c-b18b-4b36-bb6e-f85f8231e436}"
EndProject
Project("{FAE04EC0-301F-11D3-BF4B-00C04F79EFBC}") = "UnityEngine.XR.LegacyInputHelpers", "UnityEngine.XR.LegacyInputHelpers.csproj", "{5c3d0758-96d4-dc44-af8f-fb1f3635239a}"
EndProject
Project("{FAE04EC0-301F-11D3-BF4B-00C04F79EFBC}") = "Unity.Timeline", "Unity.Timeline.csproj", "{87e5b554-0c54-57af-0827-229175f657e3}"
EndProject
Project("{FAE04EC0-301F-11D3-BF4B-00C04F79EFBC}") = "Assembly-CSharp", "Assembly-CSharp.csproj", "{b279454f-d7a4-b03d-79a1-9e3d45589605}"
EndProject
Project("{FAE04EC0-301F-11D3-BF4B-00C04F79EFBC}") = "UnityEngine.Purchasing.WinRTCore", "UnityEngine.Purchasing.WinRTCore.csproj", "{2ac06375-e462-b457-9e88-efe60586bbc6}"
EndProject
Project("{FAE04EC0-301F-11D3-BF4B-00C04F79EFBC}") = "UnityEngine.Monetization", "UnityEngine.Monetization.csproj", "{27c5da8b-ab71-777d-a120-61ba6fa85aba}"
EndProject
Project("{FAE04EC0-301F-11D3-BF4B-00C04F79EFBC}") = "UnityEngine.Purchasing.SecurityCore", "UnityEngine.Purchasing.SecurityCore.csproj", "{b251457b-d1b0-bb7f-8d06-767261a2ebd4}"
EndProject
Project("{FAE04EC0-301F-11D3-BF4B-00C04F79EFBC}") = "Unity.TextMeshPro", "Unity.TextMeshPro.csproj", "{62ee4e53-db1f-7018-07b1-b69e5207466c}"
EndProject
Project("{FAE04EC0-301F-11D3-BF4B-00C04F79EFBC}") = "UnityEngine.Purchasing", "UnityEngine.Purchasing.csproj", "{a4f70a09-df13-0a73-bffe-a3013e84d6eb}"
EndProject
Project("{FAE04EC0-301F-11D3-BF4B-00C04F79EFBC}") = "UnityEngine.Purchasing.AppleCore", "UnityEngine.Purchasing.AppleCore.csproj", "{d22e09ca-bead-125a-058a-978034f97ac2}"
EndProject
Project("{FAE04EC0-301F-11D3-BF4B-00C04F79EFBC}") = "UnityEngine.Purchasing.Stores", "UnityEngine.Purchasing.Stores.csproj", "{b7b214a3-be6c-ce5a-99f3-e050e3fe839a}"
EndProject
Project("{FAE04EC0-301F-11D3-BF4B-00C04F79EFBC}") = "UnityEngine.Advertisements", "UnityEngine.Advertisements.csproj", "{7a3459e2-3c7f-23de-ba0a-d5bdd883ca3a}"
EndProject
Project("{FAE04EC0-301F-11D3-BF4B-00C04F79EFBC}") = "UnityEngine.Purchasing.SecurityStub", "UnityEngine.Purchasing.SecurityStub.csproj", "{902eefd4-28ed-9a78-1d01-86342bd511d6}"
EndProject
Project("{FAE04EC0-301F-11D3-BF4B-00C04F79EFBC}") = "Purchasing.Common", "Purchasing.Common.csproj", "{1bbf2ba3-4bcb-f765-0f00-164b24398603}"
EndProject
Project("{FAE04EC0-301F-11D3-BF4B-00C04F79EFBC}") = "UnityEngine.Purchasing.Codeless", "UnityEngine.Purchasing.Codeless.csproj", "{254d059f-330e-35d2-0ff8-5402064df09f}"
EndProject
Project("{FAE04EC0-301F-11D3-BF4B-00C04F79EFBC}") = "UnityEngine.Purchasing.WinRTStub", "UnityEngine.Purchasing.WinRTStub.csproj", "{f19a219f-7d54-b3f1-42b7-96e5afbf495e}"
EndProject
Project("{FAE04EC0-301F-11D3-BF4B-00C04F79EFBC}") = "UnityEngine.Purchasing.AppleStub", "UnityEngine.Purchasing.AppleStub.csproj", "{b87c76ef-654e-c5a2-4b1b-9f32781a8eed}"
EndProject
Project("{FAE04EC0-301F-11D3-BF4B-00C04F79EFBC}") = "UnityEngine.Purchasing.AppleMacosStub", "UnityEngine.Purchasing.AppleMacosStub.csproj", "{2ccd3a6e-6f57-259a-5fde-b2eecd284f60}"
EndProject
Project("{FAE04EC0-301F-11D3-BF4B-00C04F79EFBC}") = "UnityEngine.SpatialTracking", "UnityEngine.SpatialTracking.csproj", "{905987ed-9cd9-4559-adad-407c2f576bca}"
EndProject
Project("{FAE04EC0-301F-11D3-BF4B-00C04F79EFBC}") = "Unity.Analytics.DataPrivacy", "Unity.Analytics.DataPrivacy.csproj", "{808622a2-4ecf-6864-9d08-4fe19beff3a8}"
EndProject
Project("{FAE04EC0-301F-11D3-BF4B-00C04F79EFBC}") = "UnityEditor.TestRunner", "UnityEditor.TestRunner.csproj", "{71d0b6f2-0bfb-b398-3276-64ad59326b0b}"
EndProject
Project("{FAE04EC0-301F-11D3-BF4B-00C04F79EFBC}") = "Unity.PlasticSCM.Editor", "Unity.PlasticSCM.Editor.csproj", "{4babe117-1797-01ee-2ee1-8abfba97c769}"
EndProject
Project("{FAE04EC0-301F-11D3-BF4B-00C04F79EFBC}") = "UnityEditor.UI", "UnityEditor.UI.csproj", "{bb06aa4c-6905-eacc-2646-b85e95031a14}"
EndProject
Project("{FAE04EC0-301F-11D3-BF4B-00C04F79EFBC}") = "Unity.Services.Core.Editor", "Unity.Services.Core.Editor.csproj", "{a5e52961-5e07-d23f-19b7-b3b07c82499b}"
EndProject
Project("{FAE04EC0-301F-11D3-BF4B-00C04F79EFBC}") = "Unity.Timeline.Editor", "Unity.Timeline.Editor.csproj", "{e1d25ad0-e710-5d43-f304-46bef63e5c7a}"
EndProject
Project("{FAE04EC0-301F-11D3-BF4B-00C04F79EFBC}") = "Unity.VisualStudio.Editor", "Unity.VisualStudio.Editor.csproj", "{b96f49d1-a065-21bd-52c0-1d2f0cf4b4fc}"
EndProject
Project("{FAE04EC0-301F-11D3-BF4B-00C04F79EFBC}") = "UnityEngine.Advertisements.Editor", "UnityEngine.Advertisements.Editor.csproj", "{af6ccae8-3c02-5620-2cdd-8e445060ce22}"
EndProject
Project("{FAE04EC0-301F-11D3-BF4B-00C04F79EFBC}") = "Unity.TextMeshPro.Editor", "Unity.TextMeshPro.Editor.csproj", "{551b3d70-4b3e-16cb-8940-75b28b9cc895}"
EndProject
Project("{FAE04EC0-301F-11D3-BF4B-00C04F79EFBC}") = "Unity.CollabProxy.Editor", "Unity.CollabProxy.Editor.csproj", "{85c0aa08-82f9-25a0-a634-d1b14101c742}"
EndProject
Project("{FAE04EC0-301F-11D3-BF4B-00C04F79EFBC}") = "Unity.2D.Tilemap.Editor", "Unity.2D.Tilemap.Editor.csproj", "{34de253c-8c7e-cb7b-d7fa-2970f7865a3d}"
EndProject
Project("{FAE04EC0-301F-11D3-BF4B-00C04F79EFBC}") = "UnityEditor.Purchasing", "UnityEditor.Purchasing.csproj", "{394002c3-a9b5-28c5-e891-2e566e4b2a77}"
EndProject
Project("{FAE04EC0-301F-11D3-BF4B-00C04F79EFBC}") = "Unity.Rider.Editor", "Unity.Rider.Editor.csproj", "{18616891-9dc0-e35f-4722-0c10c2a3191b}"
EndProject
Project("{FAE04EC0-301F-11D3-BF4B-00C04F79EFBC}") = "Unity.2D.Sprite.Editor", "Unity.2D.Sprite.Editor.csproj", "{db0c1087-c8b0-0a02-083e-5bdcda7d4a87}"
EndProject
Project("{FAE04EC0-301F-11D3-BF4B-00C04F79EFBC}") = "UnityEngine.Advertisements.DevX.Editor", "UnityEngine.Advertisements.DevX.Editor.csproj", "{0aedd5a7-e354-0bd6-06f5-597b6469fa58}"
EndProject
Project("{FAE04EC0-301F-11D3-BF4B-00C04F79EFBC}") = "UnityEditor.XR.LegacyInputHelpers", "UnityEditor.XR.LegacyInputHelpers.csproj", "{4f665339-d3f0-2714-0609-3bbc14f753e3}"
EndProject
Project("{FAE04EC0-301F-11D3-BF4B-00C04F79EFBC}") = "Unity.VSCode.Editor", "Unity.VSCode.Editor.csproj", "{4db7bfbc-42cb-f745-3ce0-45a54c09b2ce}"
EndProject
Project("{FAE04EC0-301F-11D3-BF4B-00C04F79EFBC}") = "UnityEditor.SpatialTracking", "UnityEditor.SpatialTracking.csproj", "{3854d84c-df9d-4259-a4ca-0d88b2f8ffe5}"
EndProject
Project("{FAE04EC0-301F-11D3-BF4B-00C04F79EFBC}") = "Analytics", "Analytics.csproj", "{83ec3567-983b-4fd3-d319-dd9e45bcbf2f}"
EndProject
Project("{FAE04EC0-301F-11D3-BF4B-00C04F79EFBC}") = "UnityEngine.UI", "UnityEngine.UI.Player.csproj", "{72af30c3-f4e8-50ff-3f80-0f08876f4477}"
EndProject
Project("{FAE04EC0-301F-11D3-BF4B-00C04F79EFBC}") = "UnityEngine.TestRunner", "UnityEngine.TestRunner.Player.csproj", "{2a5e6370-a751-6b1d-53f4-32dfe4c563dc}"
EndProject
Project("{FAE04EC0-301F-11D3-BF4B-00C04F79EFBC}") = "UnityEngine.XR.LegacyInputHelpers", "UnityEngine.XR.LegacyInputHelpers.Player.csproj", "{cee27834-6d3e-812a-5c10-791b0a2881ab}"
EndProject
Project("{FAE04EC0-301F-11D3-BF4B-00C04F79EFBC}") = "Unity.Timeline", "Unity.Timeline.Player.csproj", "{92101e38-de9e-1f29-7848-3a9721271ddb}"
EndProject
Project("{FAE04EC0-301F-11D3-BF4B-00C04F79EFBC}") = "Assembly-CSharp", "Assembly-CSharp.Player.csproj", "{c3685987-cb85-ee0b-b626-295f29d76f5f}"
EndProject
Project("{FAE04EC0-301F-11D3-BF4B-00C04F79EFBC}") = "UnityEngine.Purchasing.WinRTCore", "UnityEngine.Purchasing.WinRTCore.Player.csproj", "{452c0635-e420-5900-0a78-ef0ff4475672}"
EndProject
Project("{FAE04EC0-301F-11D3-BF4B-00C04F79EFBC}") = "UnityEngine.Monetization", "UnityEngine.Monetization.Player.csproj", "{787a4dfd-e1c9-8551-df61-b6e0e7d29380}"
EndProject
Project("{FAE04EC0-301F-11D3-BF4B-00C04F79EFBC}") = "UnityEngine.Purchasing.SecurityCore", "UnityEngine.Purchasing.SecurityCore.Player.csproj", "{fba4d8db-99d8-017d-7215-399a8a0edbba}"
EndProject
Project("{FAE04EC0-301F-11D3-BF4B-00C04F79EFBC}") = "Unity.TextMeshPro", "Unity.TextMeshPro.Player.csproj", "{187b8f23-4306-a8b5-40a9-c74f15d40bfb}"
EndProject
Project("{FAE04EC0-301F-11D3-BF4B-00C04F79EFBC}") = "UnityEngine.Purchasing", "UnityEngine.Purchasing.Player.csproj", "{3110e2c4-05d5-c36f-6544-593296904a83}"
EndProject
Project("{FAE04EC0-301F-11D3-BF4B-00C04F79EFBC}") = "UnityEngine.Purchasing.AppleCore", "UnityEngine.Purchasing.AppleCore.Player.csproj", "{bbaa4bb0-c03f-abb0-bdfc-5b7fd4a31c94}"
EndProject
Project("{FAE04EC0-301F-11D3-BF4B-00C04F79EFBC}") = "UnityEngine.Purchasing.Stores", "UnityEngine.Purchasing.Stores.Player.csproj", "{151a3ff0-da1c-ac8e-3248-bd5914f34df5}"
EndProject
Project("{FAE04EC0-301F-11D3-BF4B-00C04F79EFBC}") = "UnityEngine.Advertisements", "UnityEngine.Advertisements.Player.csproj", "{31420da3-dbbb-9001-e9bb-a9882515066c}"
EndProject
Project("{FAE04EC0-301F-11D3-BF4B-00C04F79EFBC}") = "UnityEngine.Purchasing.Security", "UnityEngine.Purchasing.Security.Player.csproj", "{320532a5-49e0-e3f8-ff3b-29025eefddaf}"
EndProject
Project("{FAE04EC0-301F-11D3-BF4B-00C04F79EFBC}") = "Purchasing.Common", "Purchasing.Common.Player.csproj", "{db144646-6823-bd14-a0df-0a027fc9033f}"
EndProject
Project("{FAE04EC0-301F-11D3-BF4B-00C04F79EFBC}") = "UnityEngine.Purchasing.Codeless", "UnityEngine.Purchasing.Codeless.Player.csproj", "{4d958c70-2915-e88a-f994-0e2689e086f7}"
EndProject
Project("{FAE04EC0-301F-11D3-BF4B-00C04F79EFBC}") = "UnityEngine.Purchasing.AppleMacos", "UnityEngine.Purchasing.AppleMacos.Player.csproj", "{8b8b19b9-8461-f376-caa1-dc09688ce6ed}"
EndProject
Project("{FAE04EC0-301F-11D3-BF4B-00C04F79EFBC}") = "UnityEngine.Purchasing.WinRTStub", "UnityEngine.Purchasing.WinRTStub.Player.csproj", "{0a8099f8-0be6-e390-5e8c-5ad7e601534b}"
EndProject
Project("{FAE04EC0-301F-11D3-BF4B-00C04F79EFBC}") = "UnityEngine.Purchasing.AppleStub", "UnityEngine.Purchasing.AppleStub.Player.csproj", "{0f5c7500-ffc0-1352-d320-642686673167}"
EndProject
Project("{FAE04EC0-301F-11D3-BF4B-00C04F79EFBC}") = "UnityEngine.SpatialTracking", "UnityEngine.SpatialTracking.Player.csproj", "{63aa047b-74e4-3948-3398-9decff0f900f}"
EndProject
Project("{FAE04EC0-301F-11D3-BF4B-00C04F79EFBC}") = "Unity.Analytics.DataPrivacy", "Unity.Analytics.DataPrivacy.Player.csproj", "{711d4083-9ebc-f761-53ae-9dc58920eb3e}"
EndProject
Project("{FAE04EC0-301F-11D3-BF4B-00C04F79EFBC}") = "UnityEngine.Purchasing.WinRT", "UnityEngine.Purchasing.WinRT.csproj", "{68e19966-7c3f-7713-d209-5d69382f5bc0}"
EndProject
Project("{FAE04EC0-301F-11D3-BF4B-00C04F79EFBC}") = "UnityEngine.Purchasing.Apple", "UnityEngine.Purchasing.Apple.csproj", "{7c66e838-a167-32f4-df12-63d729843da2}"
EndProject
Project("{FAE04EC0-301F-11D3-BF4B-00C04F79EFBC}") = "Unity.Analytics.DataPrivacy.Tests", "Unity.Analytics.DataPrivacy.Tests.csproj", "{dc8f44fc-32c8-dea6-12e0-364da702adbc}"
EndProject
Project("{FAE04EC0-301F-11D3-BF4B-00C04F79EFBC}") = "UnityEngine.Advertisements.Editor.Tests", "UnityEngine.Advertisements.Editor.Tests.csproj", "{c31ee640-fea6-abbc-25a3-eb9446ad497f}"
EndProject
Project("{FAE04EC0-301F-11D3-BF4B-00C04F79EFBC}") = "Unity.2D.Sprite.Package.EditorTests", "Unity.2D.Sprite.Package.EditorTests.csproj", "{975d99d7-aad8-3c09-c0e9-5ef04c964a3e}"
EndProject
Project("{FAE04EC0-301F-11D3-BF4B-00C04F79EFBC}") = "Unity.PlasticSCM.EditorTests", "Unity.PlasticSCM.EditorTests.csproj", "{9988d52f-1f24-23dc-2678-0a43b2ff1dfd}"
EndProject
Project("{FAE04EC0-301F-11D3-BF4B-00C04F79EFBC}") = "UnityEditor.XR.LegacyInputHelpers.Tests", "UnityEditor.XR.LegacyInputHelpers.Tests.csproj", "{a612d065-6dbd-75f1-90ac-d27a9d3e61d4}"
EndProject
Project("{FAE04EC0-301F-11D3-BF4B-00C04F79EFBC}") = "Unity.TextMeshPro.Editor.Tests", "Unity.TextMeshPro.Editor.Tests.csproj", "{68e53325-a658-3199-e030-7791a5f63867}"
EndProject
Project("{FAE04EC0-301F-11D3-BF4B-00C04F79EFBC}") = "DocCodeExamples", "DocCodeExamples.csproj", "{eb6e3a98-5c6a-3835-5e2d-20bd777affbe}"
EndProject
Project("{FAE04EC0-301F-11D3-BF4B-00C04F79EFBC}") = "UnityEngine.Advertisements.Tests", "UnityEngine.Advertisements.Tests.csproj", "{bdeb5890-e701-8d05-a9c6-b3239fdb7e89}"
EndProject
Project("{FAE04EC0-301F-11D3-BF4B-00C04F79EFBC}") = "UnityEngine.Monetization.Editor.Tests", "UnityEngine.Monetization.Editor.Tests.csproj", "{c6920039-4c62-c1e3-9d85-255d6f5efe20}"
EndProject
Project("{FAE04EC0-301F-11D3-BF4B-00C04F79EFBC}") = "Unity.CollabProxy.EditorTests", "Unity.CollabProxy.EditorTests.csproj", "{052648c8-06b0-623b-878b-c5ec0da04e70}"
EndProject
Project("{FAE04EC0-301F-11D3-BF4B-00C04F79EFBC}") = "UnityEngine.UI.Tests", "UnityEngine.UI.Tests.csproj", "{c3bb9093-2bc7-8a54-629c-0d4792344c16}"
EndProject
Project("{FAE04EC0-301F-11D3-BF4B-00C04F79EFBC}") = "Unity.Nuget.NewtonsoftJson.EditorTests", "Unity.Nuget.NewtonsoftJson.EditorTests.csproj", "{1b2c19a3-0fb8-1319-5f8b-d8cc6f79f541}"
EndProject
Project("{FAE04EC0-301F-11D3-BF4B-00C04F79EFBC}") = "Unity.TextMeshPro.Tests", "Unity.TextMeshPro.Tests.csproj", "{96e7f39b-4f72-d398-9a1f-46e75e77c3c4}"
EndProject
Project("{FAE04EC0-301F-11D3-BF4B-00C04F79EFBC}") = "UnityEditor.UI.EditorTests", "UnityEditor.UI.EditorTests.csproj", "{98f1d02c-d5e1-133a-9334-13a22568dfaa}"
EndProject
Project("{FAE04EC0-301F-11D3-BF4B-00C04F79EFBC}") = "Unity.2D.Tilemap.Package.EditorTests", "Unity.2D.Tilemap.Package.EditorTests.csproj", "{98955c5a-ec87-d799-0a9f-7ef8e54e9799}"
EndProject
Project("{FAE04EC0-301F-11D3-BF4B-00C04F79EFBC}") = "Unity.Analytics.StandardEvents.EditorTests", "Unity.Analytics.StandardEvents.EditorTests.csproj", "{5ecf9c84-14d2-8b61-5600-1eb682bf5209}"
EndProject
Project("{FAE04EC0-301F-11D3-BF4B-00C04F79EFBC}") = "UnityEngine.SpatialTracking.Tests", "UnityEngine.SpatialTracking.Tests.csproj", "{632e770d-b996-9efd-0107-e307a6c9822d}"
EndProject
Global
	GlobalSection(SolutionConfigurationPlatforms) = preSolution
		Debug|Any CPU = Debug|Any CPU
	EndGlobalSection
	GlobalSection(ProjectConfigurationPlatforms) = postSolution
		{b080439a-53a9-346a-cdc6-2e2829607521}.Debug|Any CPU.ActiveCfg = Debug|Any CPU
		{b080439a-53a9-346a-cdc6-2e2829607521}.Debug|Any CPU.Build.0 = Debug|Any CPU
		{af7c088c-b18b-4b36-bb6e-f85f8231e436}.Debug|Any CPU.ActiveCfg = Debug|Any CPU
		{af7c088c-b18b-4b36-bb6e-f85f8231e436}.Debug|Any CPU.Build.0 = Debug|Any CPU
		{5c3d0758-96d4-dc44-af8f-fb1f3635239a}.Debug|Any CPU.ActiveCfg = Debug|Any CPU
		{5c3d0758-96d4-dc44-af8f-fb1f3635239a}.Debug|Any CPU.Build.0 = Debug|Any CPU
		{87e5b554-0c54-57af-0827-229175f657e3}.Debug|Any CPU.ActiveCfg = Debug|Any CPU
		{87e5b554-0c54-57af-0827-229175f657e3}.Debug|Any CPU.Build.0 = Debug|Any CPU
		{b279454f-d7a4-b03d-79a1-9e3d45589605}.Debug|Any CPU.ActiveCfg = Debug|Any CPU
		{b279454f-d7a4-b03d-79a1-9e3d45589605}.Debug|Any CPU.Build.0 = Debug|Any CPU
		{2ac06375-e462-b457-9e88-efe60586bbc6}.Debug|Any CPU.ActiveCfg = Debug|Any CPU
		{2ac06375-e462-b457-9e88-efe60586bbc6}.Debug|Any CPU.Build.0 = Debug|Any CPU
		{27c5da8b-ab71-777d-a120-61ba6fa85aba}.Debug|Any CPU.ActiveCfg = Debug|Any CPU
		{27c5da8b-ab71-777d-a120-61ba6fa85aba}.Debug|Any CPU.Build.0 = Debug|Any CPU
		{b251457b-d1b0-bb7f-8d06-767261a2ebd4}.Debug|Any CPU.ActiveCfg = Debug|Any CPU
		{b251457b-d1b0-bb7f-8d06-767261a2ebd4}.Debug|Any CPU.Build.0 = Debug|Any CPU
		{62ee4e53-db1f-7018-07b1-b69e5207466c}.Debug|Any CPU.ActiveCfg = Debug|Any CPU
		{62ee4e53-db1f-7018-07b1-b69e5207466c}.Debug|Any CPU.Build.0 = Debug|Any CPU
		{a4f70a09-df13-0a73-bffe-a3013e84d6eb}.Debug|Any CPU.ActiveCfg = Debug|Any CPU
		{a4f70a09-df13-0a73-bffe-a3013e84d6eb}.Debug|Any CPU.Build.0 = Debug|Any CPU
		{d22e09ca-bead-125a-058a-978034f97ac2}.Debug|Any CPU.ActiveCfg = Debug|Any CPU
		{d22e09ca-bead-125a-058a-978034f97ac2}.Debug|Any CPU.Build.0 = Debug|Any CPU
		{b7b214a3-be6c-ce5a-99f3-e050e3fe839a}.Debug|Any CPU.ActiveCfg = Debug|Any CPU
		{b7b214a3-be6c-ce5a-99f3-e050e3fe839a}.Debug|Any CPU.Build.0 = Debug|Any CPU
		{7a3459e2-3c7f-23de-ba0a-d5bdd883ca3a}.Debug|Any CPU.ActiveCfg = Debug|Any CPU
		{7a3459e2-3c7f-23de-ba0a-d5bdd883ca3a}.Debug|Any CPU.Build.0 = Debug|Any CPU
		{902eefd4-28ed-9a78-1d01-86342bd511d6}.Debug|Any CPU.ActiveCfg = Debug|Any CPU
		{902eefd4-28ed-9a78-1d01-86342bd511d6}.Debug|Any CPU.Build.0 = Debug|Any CPU
		{1bbf2ba3-4bcb-f765-0f00-164b24398603}.Debug|Any CPU.ActiveCfg = Debug|Any CPU
		{1bbf2ba3-4bcb-f765-0f00-164b24398603}.Debug|Any CPU.Build.0 = Debug|Any CPU
		{254d059f-330e-35d2-0ff8-5402064df09f}.Debug|Any CPU.ActiveCfg = Debug|Any CPU
		{254d059f-330e-35d2-0ff8-5402064df09f}.Debug|Any CPU.Build.0 = Debug|Any CPU
		{f19a219f-7d54-b3f1-42b7-96e5afbf495e}.Debug|Any CPU.ActiveCfg = Debug|Any CPU
		{f19a219f-7d54-b3f1-42b7-96e5afbf495e}.Debug|Any CPU.Build.0 = Debug|Any CPU
		{b87c76ef-654e-c5a2-4b1b-9f32781a8eed}.Debug|Any CPU.ActiveCfg = Debug|Any CPU
		{b87c76ef-654e-c5a2-4b1b-9f32781a8eed}.Debug|Any CPU.Build.0 = Debug|Any CPU
		{2ccd3a6e-6f57-259a-5fde-b2eecd284f60}.Debug|Any CPU.ActiveCfg = Debug|Any CPU
		{2ccd3a6e-6f57-259a-5fde-b2eecd284f60}.Debug|Any CPU.Build.0 = Debug|Any CPU
		{905987ed-9cd9-4559-adad-407c2f576bca}.Debug|Any CPU.ActiveCfg = Debug|Any CPU
		{905987ed-9cd9-4559-adad-407c2f576bca}.Debug|Any CPU.Build.0 = Debug|Any CPU
		{808622a2-4ecf-6864-9d08-4fe19beff3a8}.Debug|Any CPU.ActiveCfg = Debug|Any CPU
		{808622a2-4ecf-6864-9d08-4fe19beff3a8}.Debug|Any CPU.Build.0 = Debug|Any CPU
		{71d0b6f2-0bfb-b398-3276-64ad59326b0b}.Debug|Any CPU.ActiveCfg = Debug|Any CPU
		{71d0b6f2-0bfb-b398-3276-64ad59326b0b}.Debug|Any CPU.Build.0 = Debug|Any CPU
		{4babe117-1797-01ee-2ee1-8abfba97c769}.Debug|Any CPU.ActiveCfg = Debug|Any CPU
		{4babe117-1797-01ee-2ee1-8abfba97c769}.Debug|Any CPU.Build.0 = Debug|Any CPU
		{bb06aa4c-6905-eacc-2646-b85e95031a14}.Debug|Any CPU.ActiveCfg = Debug|Any CPU
		{bb06aa4c-6905-eacc-2646-b85e95031a14}.Debug|Any CPU.Build.0 = Debug|Any CPU
		{a5e52961-5e07-d23f-19b7-b3b07c82499b}.Debug|Any CPU.ActiveCfg = Debug|Any CPU
		{a5e52961-5e07-d23f-19b7-b3b07c82499b}.Debug|Any CPU.Build.0 = Debug|Any CPU
		{e1d25ad0-e710-5d43-f304-46bef63e5c7a}.Debug|Any CPU.ActiveCfg = Debug|Any CPU
		{e1d25ad0-e710-5d43-f304-46bef63e5c7a}.Debug|Any CPU.Build.0 = Debug|Any CPU
		{b96f49d1-a065-21bd-52c0-1d2f0cf4b4fc}.Debug|Any CPU.ActiveCfg = Debug|Any CPU
		{b96f49d1-a065-21bd-52c0-1d2f0cf4b4fc}.Debug|Any CPU.Build.0 = Debug|Any CPU
		{af6ccae8-3c02-5620-2cdd-8e445060ce22}.Debug|Any CPU.ActiveCfg = Debug|Any CPU
		{af6ccae8-3c02-5620-2cdd-8e445060ce22}.Debug|Any CPU.Build.0 = Debug|Any CPU
		{551b3d70-4b3e-16cb-8940-75b28b9cc895}.Debug|Any CPU.ActiveCfg = Debug|Any CPU
		{551b3d70-4b3e-16cb-8940-75b28b9cc895}.Debug|Any CPU.Build.0 = Debug|Any CPU
		{85c0aa08-82f9-25a0-a634-d1b14101c742}.Debug|Any CPU.ActiveCfg = Debug|Any CPU
		{85c0aa08-82f9-25a0-a634-d1b14101c742}.Debug|Any CPU.Build.0 = Debug|Any CPU
		{34de253c-8c7e-cb7b-d7fa-2970f7865a3d}.Debug|Any CPU.ActiveCfg = Debug|Any CPU
		{34de253c-8c7e-cb7b-d7fa-2970f7865a3d}.Debug|Any CPU.Build.0 = Debug|Any CPU
		{394002c3-a9b5-28c5-e891-2e566e4b2a77}.Debug|Any CPU.ActiveCfg = Debug|Any CPU
		{394002c3-a9b5-28c5-e891-2e566e4b2a77}.Debug|Any CPU.Build.0 = Debug|Any CPU
		{18616891-9dc0-e35f-4722-0c10c2a3191b}.Debug|Any CPU.ActiveCfg = Debug|Any CPU
		{18616891-9dc0-e35f-4722-0c10c2a3191b}.Debug|Any CPU.Build.0 = Debug|Any CPU
		{db0c1087-c8b0-0a02-083e-5bdcda7d4a87}.Debug|Any CPU.ActiveCfg = Debug|Any CPU
		{db0c1087-c8b0-0a02-083e-5bdcda7d4a87}.Debug|Any CPU.Build.0 = Debug|Any CPU
		{0aedd5a7-e354-0bd6-06f5-597b6469fa58}.Debug|Any CPU.ActiveCfg = Debug|Any CPU
		{0aedd5a7-e354-0bd6-06f5-597b6469fa58}.Debug|Any CPU.Build.0 = Debug|Any CPU
		{4f665339-d3f0-2714-0609-3bbc14f753e3}.Debug|Any CPU.ActiveCfg = Debug|Any CPU
		{4f665339-d3f0-2714-0609-3bbc14f753e3}.Debug|Any CPU.Build.0 = Debug|Any CPU
		{4db7bfbc-42cb-f745-3ce0-45a54c09b2ce}.Debug|Any CPU.ActiveCfg = Debug|Any CPU
		{4db7bfbc-42cb-f745-3ce0-45a54c09b2ce}.Debug|Any CPU.Build.0 = Debug|Any CPU
		{3854d84c-df9d-4259-a4ca-0d88b2f8ffe5}.Debug|Any CPU.ActiveCfg = Debug|Any CPU
		{3854d84c-df9d-4259-a4ca-0d88b2f8ffe5}.Debug|Any CPU.Build.0 = Debug|Any CPU
		{83ec3567-983b-4fd3-d319-dd9e45bcbf2f}.Debug|Any CPU.ActiveCfg = Debug|Any CPU
		{83ec3567-983b-4fd3-d319-dd9e45bcbf2f}.Debug|Any CPU.Build.0 = Debug|Any CPU
		{72af30c3-f4e8-50ff-3f80-0f08876f4477}.Debug|Any CPU.ActiveCfg = Debug|Any CPU
		{72af30c3-f4e8-50ff-3f80-0f08876f4477}.Debug|Any CPU.Build.0 = Debug|Any CPU
		{2a5e6370-a751-6b1d-53f4-32dfe4c563dc}.Debug|Any CPU.ActiveCfg = Debug|Any CPU
		{2a5e6370-a751-6b1d-53f4-32dfe4c563dc}.Debug|Any CPU.Build.0 = Debug|Any CPU
		{cee27834-6d3e-812a-5c10-791b0a2881ab}.Debug|Any CPU.ActiveCfg = Debug|Any CPU
		{cee27834-6d3e-812a-5c10-791b0a2881ab}.Debug|Any CPU.Build.0 = Debug|Any CPU
		{92101e38-de9e-1f29-7848-3a9721271ddb}.Debug|Any CPU.ActiveCfg = Debug|Any CPU
		{92101e38-de9e-1f29-7848-3a9721271ddb}.Debug|Any CPU.Build.0 = Debug|Any CPU
		{c3685987-cb85-ee0b-b626-295f29d76f5f}.Debug|Any CPU.ActiveCfg = Debug|Any CPU
		{c3685987-cb85-ee0b-b626-295f29d76f5f}.Debug|Any CPU.Build.0 = Debug|Any CPU
		{452c0635-e420-5900-0a78-ef0ff4475672}.Debug|Any CPU.ActiveCfg = Debug|Any CPU
		{452c0635-e420-5900-0a78-ef0ff4475672}.Debug|Any CPU.Build.0 = Debug|Any CPU
		{787a4dfd-e1c9-8551-df61-b6e0e7d29380}.Debug|Any CPU.ActiveCfg = Debug|Any CPU
		{787a4dfd-e1c9-8551-df61-b6e0e7d29380}.Debug|Any CPU.Build.0 = Debug|Any CPU
		{fba4d8db-99d8-017d-7215-399a8a0edbba}.Debug|Any CPU.ActiveCfg = Debug|Any CPU
		{fba4d8db-99d8-017d-7215-399a8a0edbba}.Debug|Any CPU.Build.0 = Debug|Any CPU
		{187b8f23-4306-a8b5-40a9-c74f15d40bfb}.Debug|Any CPU.ActiveCfg = Debug|Any CPU
		{187b8f23-4306-a8b5-40a9-c74f15d40bfb}.Debug|Any CPU.Build.0 = Debug|Any CPU
		{3110e2c4-05d5-c36f-6544-593296904a83}.Debug|Any CPU.ActiveCfg = Debug|Any CPU
		{3110e2c4-05d5-c36f-6544-593296904a83}.Debug|Any CPU.Build.0 = Debug|Any CPU
		{bbaa4bb0-c03f-abb0-bdfc-5b7fd4a31c94}.Debug|Any CPU.ActiveCfg = Debug|Any CPU
		{bbaa4bb0-c03f-abb0-bdfc-5b7fd4a31c94}.Debug|Any CPU.Build.0 = Debug|Any CPU
		{151a3ff0-da1c-ac8e-3248-bd5914f34df5}.Debug|Any CPU.ActiveCfg = Debug|Any CPU
		{151a3ff0-da1c-ac8e-3248-bd5914f34df5}.Debug|Any CPU.Build.0 = Debug|Any CPU
		{31420da3-dbbb-9001-e9bb-a9882515066c}.Debug|Any CPU.ActiveCfg = Debug|Any CPU
		{31420da3-dbbb-9001-e9bb-a9882515066c}.Debug|Any CPU.Build.0 = Debug|Any CPU
		{320532a5-49e0-e3f8-ff3b-29025eefddaf}.Debug|Any CPU.ActiveCfg = Debug|Any CPU
		{320532a5-49e0-e3f8-ff3b-29025eefddaf}.Debug|Any CPU.Build.0 = Debug|Any CPU
		{db144646-6823-bd14-a0df-0a027fc9033f}.Debug|Any CPU.ActiveCfg = Debug|Any CPU
		{db144646-6823-bd14-a0df-0a027fc9033f}.Debug|Any CPU.Build.0 = Debug|Any CPU
		{4d958c70-2915-e88a-f994-0e2689e086f7}.Debug|Any CPU.ActiveCfg = Debug|Any CPU
		{4d958c70-2915-e88a-f994-0e2689e086f7}.Debug|Any CPU.Build.0 = Debug|Any CPU
		{8b8b19b9-8461-f376-caa1-dc09688ce6ed}.Debug|Any CPU.ActiveCfg = Debug|Any CPU
		{8b8b19b9-8461-f376-caa1-dc09688ce6ed}.Debug|Any CPU.Build.0 = Debug|Any CPU
		{0a8099f8-0be6-e390-5e8c-5ad7e601534b}.Debug|Any CPU.ActiveCfg = Debug|Any CPU
		{0a8099f8-0be6-e390-5e8c-5ad7e601534b}.Debug|Any CPU.Build.0 = Debug|Any CPU
		{0f5c7500-ffc0-1352-d320-642686673167}.Debug|Any CPU.ActiveCfg = Debug|Any CPU
		{0f5c7500-ffc0-1352-d320-642686673167}.Debug|Any CPU.Build.0 = Debug|Any CPU
		{63aa047b-74e4-3948-3398-9decff0f900f}.Debug|Any CPU.ActiveCfg = Debug|Any CPU
		{63aa047b-74e4-3948-3398-9decff0f900f}.Debug|Any CPU.Build.0 = Debug|Any CPU
		{711d4083-9ebc-f761-53ae-9dc58920eb3e}.Debug|Any CPU.ActiveCfg = Debug|Any CPU
		{711d4083-9ebc-f761-53ae-9dc58920eb3e}.Debug|Any CPU.Build.0 = Debug|Any CPU
		{68e19966-7c3f-7713-d209-5d69382f5bc0}.Debug|Any CPU.ActiveCfg = Debug|Any CPU
		{68e19966-7c3f-7713-d209-5d69382f5bc0}.Debug|Any CPU.Build.0 = Debug|Any CPU
		{7c66e838-a167-32f4-df12-63d729843da2}.Debug|Any CPU.ActiveCfg = Debug|Any CPU
		{7c66e838-a167-32f4-df12-63d729843da2}.Debug|Any CPU.Build.0 = Debug|Any CPU
		{dc8f44fc-32c8-dea6-12e0-364da702adbc}.Debug|Any CPU.ActiveCfg = Debug|Any CPU
		{dc8f44fc-32c8-dea6-12e0-364da702adbc}.Debug|Any CPU.Build.0 = Debug|Any CPU
		{c31ee640-fea6-abbc-25a3-eb9446ad497f}.Debug|Any CPU.ActiveCfg = Debug|Any CPU
		{c31ee640-fea6-abbc-25a3-eb9446ad497f}.Debug|Any CPU.Build.0 = Debug|Any CPU
		{975d99d7-aad8-3c09-c0e9-5ef04c964a3e}.Debug|Any CPU.ActiveCfg = Debug|Any CPU
		{975d99d7-aad8-3c09-c0e9-5ef04c964a3e}.Debug|Any CPU.Build.0 = Debug|Any CPU
		{9988d52f-1f24-23dc-2678-0a43b2ff1dfd}.Debug|Any CPU.ActiveCfg = Debug|Any CPU
		{9988d52f-1f24-23dc-2678-0a43b2ff1dfd}.Debug|Any CPU.Build.0 = Debug|Any CPU
		{a612d065-6dbd-75f1-90ac-d27a9d3e61d4}.Debug|Any CPU.ActiveCfg = Debug|Any CPU
		{a612d065-6dbd-75f1-90ac-d27a9d3e61d4}.Debug|Any CPU.Build.0 = Debug|Any CPU
		{68e53325-a658-3199-e030-7791a5f63867}.Debug|Any CPU.ActiveCfg = Debug|Any CPU
		{68e53325-a658-3199-e030-7791a5f63867}.Debug|Any CPU.Build.0 = Debug|Any CPU
		{eb6e3a98-5c6a-3835-5e2d-20bd777affbe}.Debug|Any CPU.ActiveCfg = Debug|Any CPU
		{eb6e3a98-5c6a-3835-5e2d-20bd777affbe}.Debug|Any CPU.Build.0 = Debug|Any CPU
		{bdeb5890-e701-8d05-a9c6-b3239fdb7e89}.Debug|Any CPU.ActiveCfg = Debug|Any CPU
		{bdeb5890-e701-8d05-a9c6-b3239fdb7e89}.Debug|Any CPU.Build.0 = Debug|Any CPU
		{c6920039-4c62-c1e3-9d85-255d6f5efe20}.Debug|Any CPU.ActiveCfg = Debug|Any CPU
		{c6920039-4c62-c1e3-9d85-255d6f5efe20}.Debug|Any CPU.Build.0 = Debug|Any CPU
		{052648c8-06b0-623b-878b-c5ec0da04e70}.Debug|Any CPU.ActiveCfg = Debug|Any CPU
		{052648c8-06b0-623b-878b-c5ec0da04e70}.Debug|Any CPU.Build.0 = Debug|Any CPU
		{c3bb9093-2bc7-8a54-629c-0d4792344c16}.Debug|Any CPU.ActiveCfg = Debug|Any CPU
		{c3bb9093-2bc7-8a54-629c-0d4792344c16}.Debug|Any CPU.Build.0 = Debug|Any CPU
		{1b2c19a3-0fb8-1319-5f8b-d8cc6f79f541}.Debug|Any CPU.ActiveCfg = Debug|Any CPU
		{1b2c19a3-0fb8-1319-5f8b-d8cc6f79f541}.Debug|Any CPU.Build.0 = Debug|Any CPU
		{96e7f39b-4f72-d398-9a1f-46e75e77c3c4}.Debug|Any CPU.ActiveCfg = Debug|Any CPU
		{96e7f39b-4f72-d398-9a1f-46e75e77c3c4}.Debug|Any CPU.Build.0 = Debug|Any CPU
		{98f1d02c-d5e1-133a-9334-13a22568dfaa}.Debug|Any CPU.ActiveCfg = Debug|Any CPU
		{98f1d02c-d5e1-133a-9334-13a22568dfaa}.Debug|Any CPU.Build.0 = Debug|Any CPU
		{98955c5a-ec87-d799-0a9f-7ef8e54e9799}.Debug|Any CPU.ActiveCfg = Debug|Any CPU
		{98955c5a-ec87-d799-0a9f-7ef8e54e9799}.Debug|Any CPU.Build.0 = Debug|Any CPU
		{5ecf9c84-14d2-8b61-5600-1eb682bf5209}.Debug|Any CPU.ActiveCfg = Debug|Any CPU
		{5ecf9c84-14d2-8b61-5600-1eb682bf5209}.Debug|Any CPU.Build.0 = Debug|Any CPU
		{632e770d-b996-9efd-0107-e307a6c9822d}.Debug|Any CPU.ActiveCfg = Debug|Any CPU
		{632e770d-b996-9efd-0107-e307a6c9822d}.Debug|Any CPU.Build.0 = Debug|Any CPU
	EndGlobalSection
	GlobalSection(SolutionProperties) = preSolution
		HideSolutionNode = FALSE
	EndGlobalSection
EndGlobal
